// !$*UTF8*$!
{archiveVersion = 1; classes = {}; objectVersion = 56; objects = {
4E783A9E10D2A8ABA38CD11C = {isa = PBXFileReference;explicitFileType = wrapper.application;path = "LAXCommute.app";sourceTree = "BUILT_PRODUCTS_DIR";};
6C7CCDEB3609F1FAA874E941 = {isa = PBXFileReference;explicitFileType = wrapper.cfbundle;path = "LAXCommuteTests.xctest";sourceTree = "BUILT_PRODUCTS_DIR";};
3B78ADA789F36B91A60D6ED7 = {isa = PBXFileReference;lastKnownFileType = "sourcecode.swift";path = "AccountView.swift";sourceTree = "<group>";};
512D54E66641F634C72B078C = {isa = PBXBuildFile;fileRef = 3B78ADA789F36B91A60D6ED7;};
09D0AE97EB146CB4AF71E000 = {isa = PBXFileReference;lastKnownFileType = "sourcecode.swift";path = "AppStore.swift";sourceTree = "<group>";};
62D168663CE0664E79905E49 = {isa = PBXBuildFile;fileRef = 09D0AE97EB146CB4AF71E000;};
94D4B9B69694BD48C9045F1E = {isa = PBXFileReference;lastKnownFileType = "sourcecode.swift";path = "CommuteView.swift";sourceTree = "<group>";};
E845532D4EE9CEE71275414F = {isa = PBXBuildFile;fileRef = 94D4B9B69694BD48C9045F1E;};
6DE036FABFFB0F7BB44B2FFF = {isa = PBXFileReference;lastKnownFileType = "sourcecode.swift";path = "Design.swift";sourceTree = "<group>";};
0E82DBB9AA15037B7895F1C6 = {isa = PBXBuildFile;fileRef = 6DE036FABFFB0F7BB44B2FFF;};
68E77A9D7BC78A97D4F4E27B = {isa = PBXFileReference;lastKnownFileType = "text.plist.xml";path = "Info.plist";sourceTree = "<group>";};
AFCA20B321AE7958ABA28D03 = {isa = PBXFileReference;lastKnownFileType = "sourcecode.swift";path = "LAXCommuteApp.swift";sourceTree = "<group>";};
B40D680FA7C536FEA93DDE8D = {isa = PBXBuildFile;fileRef = AFCA20B321AE7958ABA28D03;};
78FD430803560F137BDECEE8 = {isa = PBXFileReference;lastKnownFileType = "sourcecode.swift";path = "Models.swift";sourceTree = "<group>";};
C28E3B592A560C32484F497E = {isa = PBXBuildFile;fileRef = 78FD430803560F137BDECEE8;};
152C959B54A4EBF0AFFD1C09 = {isa = PBXFileReference;lastKnownFileType = "file";path = "Resources/Fonts/Walone-Bold.ttf";sourceTree = "<group>";};
64132722885495CDEEC22BF1 = {isa = PBXBuildFile;fileRef = 152C959B54A4EBF0AFFD1C09;};
9D93F6A242DA75A95C57CE8C = {isa = PBXFileReference;lastKnownFileType = "file";path = "Resources/Fonts/Walone-Regular.ttf";sourceTree = "<group>";};
2B60DDB0270600C9BFF9A08C = {isa = PBXBuildFile;fileRef = 9D93F6A242DA75A95C57CE8C;};
6327A1005FF0B783151E530B = {isa = PBXFileReference;lastKnownFileType = "text.xml";path = "Resources/PrivacyInfo.xcprivacy";sourceTree = "<group>";};
FC0CB21E6ADF24E540AC513C = {isa = PBXBuildFile;fileRef = 6327A1005FF0B783151E530B;};
B39B4FA3FF817C23BBF7FA2F = {isa = PBXFileReference;lastKnownFileType = "text.json";path = "Resources/my.json";sourceTree = "<group>";};
3D4A057E26CD74A18235F481 = {isa = PBXBuildFile;fileRef = B39B4FA3FF817C23BBF7FA2F;};
1782DD0F092018F372E6865E = {isa = PBXFileReference;lastKnownFileType = "sourcecode.swift";path = "Services.swift";sourceTree = "<group>";};
67DED845EB0AA5BBB0AE3A15 = {isa = PBXBuildFile;fileRef = 1782DD0F092018F372E6865E;};
3960E6D7C0F4A71A33BA2548 = {isa = PBXFileReference;lastKnownFileType = "sourcecode.swift";path = "TripView.swift";sourceTree = "<group>";};
24EF40DA3C4300CC9364A544 = {isa = PBXBuildFile;fileRef = 3960E6D7C0F4A71A33BA2548;};
D2B95FB705A4AD50535A3D26 = {isa = PBXFileReference;lastKnownFileType = folder.assetcatalog;path = "Assets.xcassets";sourceTree = "<group>";};
716E9590E60B3AFA6E62BF18 = {isa = PBXBuildFile;fileRef = D2B95FB705A4AD50535A3D26;};
C8E410C79A41FEC4C7336287 = {isa = PBXFileReference;lastKnownFileType = sourcecode.swift;path = "CommuteTests.swift";sourceTree = "<group>";};
CD105291464DBD1C3C07E1CA = {isa = PBXBuildFile;fileRef = C8E410C79A41FEC4C7336287;};
3C3B0F03DC089F93B8457928 = {isa = PBXGroup;children = (3B78ADA789F36B91A60D6ED7,09D0AE97EB146CB4AF71E000,94D4B9B69694BD48C9045F1E,6DE036FABFFB0F7BB44B2FFF,68E77A9D7BC78A97D4F4E27B,AFCA20B321AE7958ABA28D03,78FD430803560F137BDECEE8,152C959B54A4EBF0AFFD1C09,9D93F6A242DA75A95C57CE8C,6327A1005FF0B783151E530B,B39B4FA3FF817C23BBF7FA2F,1782DD0F092018F372E6865E,3960E6D7C0F4A71A33BA2548,D2B95FB705A4AD50535A3D26,);path = "LAXCommute";sourceTree = "<group>";};
E717C295FF9827DFF805D88B = {isa = PBXGroup;children = (C8E410C79A41FEC4C7336287,);path = "LAXCommuteTests";sourceTree = "<group>";};
FBDC4F23F93125BBEEAE800C = {isa = PBXGroup;children = (4E783A9E10D2A8ABA38CD11C,6C7CCDEB3609F1FAA874E941,);name = "Products";sourceTree = "<group>";};
870B3294C0CBD48AF6BBCC1B = {isa = PBXGroup;children = (3C3B0F03DC089F93B8457928,E717C295FF9827DFF805D88B,FBDC4F23F93125BBEEAE800C,);sourceTree = "<group>";};
949D493B91791558E87BC5D7 = {isa = PBXSourcesBuildPhase;buildActionMask = 2147483647;files = (512D54E66641F634C72B078C,62D168663CE0664E79905E49,E845532D4EE9CEE71275414F,0E82DBB9AA15037B7895F1C6,B40D680FA7C536FEA93DDE8D,C28E3B592A560C32484F497E,67DED845EB0AA5BBB0AE3A15,24EF40DA3C4300CC9364A544,);runOnlyForDeploymentPostprocessing = 0;};
BD92572B49AC16A86614498D = {isa = PBXFrameworksBuildPhase;buildActionMask = 2147483647;files = ();runOnlyForDeploymentPostprocessing = 0;};
8ECC8B5D05B79F879ACDF1A2 = {isa = PBXResourcesBuildPhase;buildActionMask = 2147483647;files = (64132722885495CDEEC22BF1,2B60DDB0270600C9BFF9A08C,FC0CB21E6ADF24E540AC513C,3D4A057E26CD74A18235F481,716E9590E60B3AFA6E62BF18,);runOnlyForDeploymentPostprocessing = 0;};
77A03FEE20FE96AD9384861E = {isa = PBXSourcesBuildPhase;buildActionMask = 2147483647;files = (CD105291464DBD1C3C07E1CA,);runOnlyForDeploymentPostprocessing = 0;};
E05DB79C430AA1B0BA487AFC = {isa = PBXFrameworksBuildPhase;buildActionMask = 2147483647;files = ();runOnlyForDeploymentPostprocessing = 0;};
D5C76E148680C094C001AC35 = {isa = PBXResourcesBuildPhase;buildActionMask = 2147483647;files = ();runOnlyForDeploymentPostprocessing = 0;};
89E1FD6268CC0F221A2BE178 = {isa = XCBuildConfiguration;buildSettings = {SDKROOT = iphoneos;IPHONEOS_DEPLOYMENT_TARGET = "17.0";SWIFT_VERSION = "5.0";CLANG_ENABLE_MODULES = YES;CLANG_ENABLE_OBJC_ARC = YES;SWIFT_STRICT_CONCURRENCY = "targeted";ENABLE_USER_SCRIPT_SANDBOXING = YES;SWIFT_OPTIMIZATION_LEVEL = "-Onone";DEBUG_INFORMATION_FORMAT = "dwarf";SWIFT_ACTIVE_COMPILATION_CONDITIONS = "DEBUG $(inherited)";ENABLE_TESTABILITY = YES;};name = "Debug";};
E6DE6C99132752C914FEF632 = {isa = XCBuildConfiguration;buildSettings = {SDKROOT = iphoneos;IPHONEOS_DEPLOYMENT_TARGET = "17.0";SWIFT_VERSION = "5.0";CLANG_ENABLE_MODULES = YES;CLANG_ENABLE_OBJC_ARC = YES;SWIFT_STRICT_CONCURRENCY = "targeted";ENABLE_USER_SCRIPT_SANDBOXING = YES;SWIFT_OPTIMIZATION_LEVEL = "-O";DEBUG_INFORMATION_FORMAT = "dwarf-with-dsym";};name = "Release";};
52F2F9CC608B4D49DE0CC19D = {isa = XCConfigurationList;buildConfigurations = (89E1FD6268CC0F221A2BE178,E6DE6C99132752C914FEF632,);defaultConfigurationIsVisible = 0;defaultConfigurationName = "Release";};
E9B2E96ABC5F6856F2BE79CF = {isa = XCBuildConfiguration;buildSettings = {PRODUCT_NAME = "$(TARGET_NAME)";PRODUCT_BUNDLE_IDENTIFIER = "com.zawlinnaing.laxcommute";INFOPLIST_FILE = "LAXCommute/Info.plist";GENERATE_INFOPLIST_FILE = NO;ASSETCATALOG_COMPILER_APPICON_NAME = "AppIcon";TARGETED_DEVICE_FAMILY = "1,2";SUPPORTED_PLATFORMS = "iphoneos iphonesimulator";CODE_SIGN_STYLE = "Automatic";CURRENT_PROJECT_VERSION = 1;MARKETING_VERSION = "1.0.0";ENABLE_PREVIEWS = YES;LD_RUNPATH_SEARCH_PATHS = "$(inherited) @executable_path/Frameworks";SWIFT_OPTIMIZATION_LEVEL = "-Onone";DEBUG_INFORMATION_FORMAT = "dwarf";SWIFT_ACTIVE_COMPILATION_CONDITIONS = "DEBUG $(inherited)";ENABLE_TESTABILITY = YES;};name = "Debug";};
5A8C91857F674E16E2724F47 = {isa = XCBuildConfiguration;buildSettings = {PRODUCT_NAME = "$(TARGET_NAME)";PRODUCT_BUNDLE_IDENTIFIER = "com.zawlinnaing.laxcommute";INFOPLIST_FILE = "LAXCommute/Info.plist";GENERATE_INFOPLIST_FILE = NO;ASSETCATALOG_COMPILER_APPICON_NAME = "AppIcon";TARGETED_DEVICE_FAMILY = "1,2";SUPPORTED_PLATFORMS = "iphoneos iphonesimulator";CODE_SIGN_STYLE = "Automatic";CURRENT_PROJECT_VERSION = 1;MARKETING_VERSION = "1.0.0";ENABLE_PREVIEWS = YES;LD_RUNPATH_SEARCH_PATHS = "$(inherited) @executable_path/Frameworks";SWIFT_OPTIMIZATION_LEVEL = "-O";DEBUG_INFORMATION_FORMAT = "dwarf-with-dsym";};name = "Release";};
330DA949073E8C3312361002 = {isa = XCConfigurationList;buildConfigurations = (E9B2E96ABC5F6856F2BE79CF,5A8C91857F674E16E2724F47,);defaultConfigurationIsVisible = 0;defaultConfigurationName = "Release";};
0F3D67935A4F199E058A017A = {isa = XCBuildConfiguration;buildSettings = {PRODUCT_NAME = "$(TARGET_NAME)";PRODUCT_BUNDLE_IDENTIFIER = "com.zawlinnaing.laxcommute.tests";GENERATE_INFOPLIST_FILE = YES;TARGETED_DEVICE_FAMILY = "1,2";SUPPORTED_PLATFORMS = "iphoneos iphonesimulator";CODE_SIGN_STYLE = "Automatic";TEST_HOST = "$(BUILT_PRODUCTS_DIR)/LAXCommute.app/$(BUNDLE_EXECUTABLE_FOLDER_PATH)/LAXCommute";BUNDLE_LOADER = "$(TEST_HOST)";LD_RUNPATH_SEARCH_PATHS = "$(inherited) @executable_path/Frameworks @loader_path/Frameworks";SWIFT_OPTIMIZATION_LEVEL = "-Onone";DEBUG_INFORMATION_FORMAT = "dwarf";SWIFT_ACTIVE_COMPILATION_CONDITIONS = "DEBUG $(inherited)";ENABLE_TESTABILITY = YES;};name = "Debug";};
20B70E15FDC36C625E57F658 = {isa = XCBuildConfiguration;buildSettings = {PRODUCT_NAME = "$(TARGET_NAME)";PRODUCT_BUNDLE_IDENTIFIER = "com.zawlinnaing.laxcommute.tests";GENERATE_INFOPLIST_FILE = YES;TARGETED_DEVICE_FAMILY = "1,2";SUPPORTED_PLATFORMS = "iphoneos iphonesimulator";CODE_SIGN_STYLE = "Automatic";TEST_HOST = "$(BUILT_PRODUCTS_DIR)/LAXCommute.app/$(BUNDLE_EXECUTABLE_FOLDER_PATH)/LAXCommute";BUNDLE_LOADER = "$(TEST_HOST)";LD_RUNPATH_SEARCH_PATHS = "$(inherited) @executable_path/Frameworks @loader_path/Frameworks";SWIFT_OPTIMIZATION_LEVEL = "-O";DEBUG_INFORMATION_FORMAT = "dwarf-with-dsym";};name = "Release";};
9FBD38B89A0E05AB69204CB2 = {isa = XCConfigurationList;buildConfigurations = (0F3D67935A4F199E058A017A,20B70E15FDC36C625E57F658,);defaultConfigurationIsVisible = 0;defaultConfigurationName = "Release";};
F75109BEB4DD8800DA6B45F8 = {isa = PBXNativeTarget;buildConfigurationList = 330DA949073E8C3312361002;buildPhases = (949D493B91791558E87BC5D7,BD92572B49AC16A86614498D,8ECC8B5D05B79F879ACDF1A2,);buildRules = ();dependencies = ();name = "LAXCommute";productName = "LAXCommute";productReference = 4E783A9E10D2A8ABA38CD11C;productType = "com.apple.product-type.application";};
D799BAE6088A90139B415FCC = {isa = PBXContainerItemProxy;containerPortal = 98F54143AB4E86B28C3AFEE0;proxyType = 1;remoteGlobalIDString = F75109BEB4DD8800DA6B45F8;remoteInfo = "LAXCommute";};
DE58E2B17C19600779694943 = {isa = PBXTargetDependency;target = F75109BEB4DD8800DA6B45F8;targetProxy = D799BAE6088A90139B415FCC;};
C062A5A4A7F4F37DD90F54CB = {isa = PBXNativeTarget;buildConfigurationList = 9FBD38B89A0E05AB69204CB2;buildPhases = (77A03FEE20FE96AD9384861E,E05DB79C430AA1B0BA487AFC,D5C76E148680C094C001AC35,);buildRules = ();dependencies = (DE58E2B17C19600779694943,);name = "LAXCommuteTests";productName = "LAXCommuteTests";productReference = 6C7CCDEB3609F1FAA874E941;productType = "com.apple.product-type.bundle.unit-test";};
98F54143AB4E86B28C3AFEE0 = {isa = PBXProject;attributes = {LastUpgradeCheck = 1500;TargetAttributes = {F75109BEB4DD8800DA6B45F8 = {CreatedOnToolsVersion = 15.0;};C062A5A4A7F4F37DD90F54CB = {CreatedOnToolsVersion = 15.0;TestTargetID = F75109BEB4DD8800DA6B45F8;};};};buildConfigurationList = 52F2F9CC608B4D49DE0CC19D;compatibilityVersion = "Xcode 14.0";developmentRegion = en;hasScannedForEncodings = 0;knownRegions = (en,my,Base,);mainGroup = 870B3294C0CBD48AF6BBCC1B;productRefGroup = FBDC4F23F93125BBEEAE800C;projectDirPath = "";projectRoot = "";targets = (F75109BEB4DD8800DA6B45F8,C062A5A4A7F4F37DD90F54CB,);};
}; rootObject = 98F54143AB4E86B28C3AFEE0;}
